// !$*UTF8*$!
{
	archiveVersion = 1;
	classes = {
	};
	objectVersion = 77;
	objects = {

/* Begin PBXBuildFile section */
		340BCAE82E4C80D700B0D451 /* CommerceKitAI in Frameworks */ = {isa = PBXBuildFile; productRef = 340BCAE72E4C80D700B0D451 /* CommerceKitAI */; };
		340BCAEB2E4C80E300B0D451 /* CommerceKitCore in Frameworks */ = {isa = PBXBuildFile; productRef = 340BCAEA2E4C80E300B0D451 /* CommerceKitCore */; };
		340BCAEE2E4C80F000B0D451 /* CommerceKitUI in Frameworks */ = {isa = PBXBuildFile; productRef = 340BCAED2E4C80F000B0D451 /* CommerceKitUI */; };
/* End PBXBuildFile section */

/* Begin PBXContainerItemProxy section */
		340BCACA2E4C7FDC00B0D451 /* PBXContainerItemProxy */ = {
			isa = PBXContainerItemProxy;
			containerPortal = 340BCAB42E4C7FDB00B0D451 /* Project object */;
			proxyType = 1;
			remoteGlobalIDString = 340BCABB2E4C7FDB00B0D451;
			remoteInfo = StoreApp;
		};
		340BCAD42E4C7FDC00B0D451 /* PBXContainerItemProxy */ = {
			isa = PBXContainerItemProxy;
			containerPortal = 340BCAB42E4C7FDB00B0D451 /* Project object */;
			proxyType = 1;
			remoteGlobalIDString = 340BCABB2E4C7FDB00B0D451;
			remoteInfo = StoreApp;
		};
/* End PBXContainerItemProxy section */

/* Begin PBXFileReference section */
		340BCABC2E4C7FDB00B0D451 /* StoreApp.app */ = {isa = PBXFileReference; explicitFileType = wrapper.application; includeInIndex = 0; path = StoreApp.app; sourceTree = BUILT_PRODUCTS_DIR; };
		340BCAC92E4C7FDC00B0D451 /* StoreAppTests.xctest */ = {isa = PBXFileReference; explicitFileType = wrapper.cfbundle; includeInIndex = 0; path = StoreAppTests.xctest; sourceTree = BUILT_PRODUCTS_DIR; };
		340BCAD32E4C7FDC00B0D451 /* StoreAppUITests.xctest */ = {isa = PBXFileReference; explicitFileType = wrapper.cfbundle; includeInIndex = 0; path = StoreAppUITests.xctest; sourceTree = BUILT_PRODUCTS_DIR; };
/* End PBXFileReference section */

/* Begin PBXFileSystemSynchronizedRootGroup section */
		340BCABE2E4C7FDB00B0D451 /* StoreApp */ = {
			isa = PBXFileSystemSynchronizedRootGroup;
			path = StoreApp;
			sourceTree = "<group>";
		};
		340BCACC2E4C7FDC00B0D451 /* StoreAppTests */ = {
			isa = PBXFileSystemSynchronizedRootGroup;
			path = StoreAppTests;
			sourceTree = "<group>";
		};
		340BCAD62E4C7FDC00B0D451 /* StoreAppUITests */ = {
			isa = PBXFileSystemSynchronizedRootGroup;
			path = StoreAppUITests;
			sourceTree = "<group>";
		};
/* End PBXFileSystemSynchronizedRootGroup section */

/* Begin PBXFrameworksBuildPhase section */
		340BCAB92E4C7FDB00B0D451 /* Frameworks */ = {
			isa = PBXFrameworksBuildPhase;
			buildActionMask = 2147483647;
			files = (
				340BCAE82E4C80D700B0D451 /* CommerceKitAI in Frameworks */,
				340BCAEB2E4C80E300B0D451 /* CommerceKitCore in Frameworks */,
				340BCAEE2E4C80F000B0D451 /* CommerceKitUI in Frameworks */,
			);
			runOnlyForDeploymentPostprocessing = 0;
		};
		340BCAC62E4C7FDC00B0D451 /* Frameworks */ = {
			isa = PBXFrameworksBuildPhase;
			buildActionMask = 2147483647;
			files = (
			);
			runOnlyForDeploymentPostprocessing = 0;
		};
		340BCAD02E4C7FDC00B0D451 /* Frameworks */ = {
			isa = PBXFrameworksBuildPhase;
			buildActionMask = 2147483647;
			files = (
			);
			runOnlyForDeploymentPostprocessing = 0;
		};
/* End PBXFrameworksBuildPhase section */

/* Begin PBXGroup section */
		340BCAB32E4C7FDB00B0D451 = {
			isa = PBXGroup;
			children = (
				340BCABE2E4C7FDB00B0D451 /* StoreApp */,
				340BCACC2E4C7FDC00B0D451 /* StoreAppTests */,
				340BCAD62E4C7FDC00B0D451 /* StoreAppUITests */,
				340BCABD2E4C7FDB00B0D451 /* Products */,
			);
			sourceTree = "<group>";
		};
		340BCABD2E4C7FDB00B0D451 /* Products */ = {
			isa = PBXGroup;
			children = (
				340BCABC2E4C7FDB00B0D451 /* StoreApp.app */,
				340BCAC92E4C7FDC00B0D451 /* StoreAppTests.xctest */,
				340BCAD32E4C7FDC00B0D451 /* StoreAppUITests.xctest */,
			);
			name = Products;
			sourceTree = "<group>";
		};
/* End PBXGroup section */

/* Begin PBXNativeTarget section */
		340BCABB2E4C7FDB00B0D451 /* StoreApp */ = {
			isa = PBXNativeTarget;
			buildConfigurationList = 340BCADD2E4C7FDC00B0D451 /* Build configuration list for PBXNativeTarget "StoreApp" */;
			buildPhases = (
				340BCAB82E4C7FDB00B0D451 /* Sources */,
				340BCAB92E4C7FDB00B0D451 /* Frameworks */,
				340BCABA2E4C7FDB00B0D451 /* Resources */,
			);
			buildRules = (
			);
			dependencies = (
			);
			fileSystemSynchronizedGroups = (
				340BCABE2E4C7FDB00B0D451 /* StoreApp */,
			);
			name = StoreApp;
			packageProductDependencies = (
				340BCAE72E4C80D700B0D451 /* CommerceKitAI */,
				340BCAEA2E4C80E300B0D451 /* CommerceKitCore */,
				340BCAED2E4C80F000B0D451 /* CommerceKitUI */,
			);
			productName = StoreApp;
			productReference = 340BCABC2E4C7FDB00B0D451 /* StoreApp.app */;
			productType = "com.apple.product-type.application";
		};
		340BCAC82E4C7FDC00B0D451 /* StoreAppTests */ = {
			isa = PBXNativeTarget;
			buildConfigurationList = 340BCAE02E4C7FDC00B0D451 /* Build configuration list for PBXNativeTarget "StoreAppTests" */;
			buildPhases = (
				340BCAC52E4C7FDC00B0D451 /* Sources */,
				340BCAC62E4C7FDC00B0D451 /* Frameworks */,
				340BCAC72E4C7FDC00B0D451 /* Resources */,
			);
			buildRules = (
			);
			dependencies = (
				340BCACB2E4C7FDC00B0D451 /* PBXTargetDependency */,
			);
			fileSystemSynchronizedGroups = (
				340BCACC2E4C7FDC00B0D451 /* StoreAppTests */,
			);
			name = StoreAppTests;
			packageProductDependencies = (
			);
			productName = StoreAppTests;
			productReference = 340BCAC92E4C7FDC00B0D451 /* StoreAppTests.xctest */;
			productType = "com.apple.product-type.bundle.unit-test";
		};
		340BCAD22E4C7FDC00B0D451 /* StoreAppUITests */ = {
			isa = PBXNativeTarget;
			buildConfigurationList = 340BCAE32E4C7FDC00B0D451 /* Build configuration list for PBXNativeTarget "StoreAppUITests" */;
			buildPhases = (
				340BCACF2E4C7FDC00B0D451 /* Sources */,
				340BCAD02E4C7FDC00B0D451 /* Frameworks */,
				340BCAD12E4C7FDC00B0D451 /* Resources */,
			);
			buildRules = (
			);
			dependencies = (
				340BCAD52E4C7FDC00B0D451 /* PBXTargetDependency */,
			);
			fileSystemSynchronizedGroups = (
				340BCAD62E4C7FDC00B0D451 /* StoreAppUITests */,
			);
			name = StoreAppUITests;
			packageProductDependencies = (
			);
			productName = StoreAppUITests;
			productReference = 340BCAD32E4C7FDC00B0D451 /* StoreAppUITests.xctest */;
			productType = "com.apple.product-type.bundle.ui-testing";
		};
/* End PBXNativeTarget section */

/* Begin PBXProject section */
		340BCAB42E4C7FDB00B0D451 /* Project object */ = {
			isa = PBXProject;
			attributes = {
				BuildIndependentTargetsInParallel = 1;
				LastSwiftUpdateCheck = 1640;
				LastUpgradeCheck = 1640;
				TargetAttributes = {
					340BCABB2E4C7FDB00B0D451 = {
						CreatedOnToolsVersion = 16.4;
					};
					340BCAC82E4C7FDC00B0D451 = {
						CreatedOnToolsVersion = 16.4;
						TestTargetID = 340BCABB2E4C7FDB00B0D451;
					};
					340BCAD22E4C7FDC00B0D451 = {
						CreatedOnToolsVersion = 16.4;
						TestTargetID = 340BCABB2E4C7FDB00B0D451;
					};
				};
			};
			buildConfigurationList = 340BCAB72E4C7FDB00B0D451 /* Build configuration list for PBXProject "StoreApp" */;
			developmentRegion = en;
			hasScannedForEncodings = 0;
			knownRegions = (
				en,
				Base,
			);
			mainGroup = 340BCAB32E4C7FDB00B0D451;
			minimizedProjectReferenceProxies = 1;
			packageReferences = (
				340BCAE62E4C80D700B0D451 /* XCLocalSwiftPackageReference "../CommerceKitAI" */,
				340BCAE92E4C80E300B0D451 /* XCLocalSwiftPackageReference "../CommerceKitCore" */,
				340BCAEC2E4C80F000B0D451 /* XCLocalSwiftPackageReference "../CommerceKitUI" */,
			);
			preferredProjectObjectVersion = 77;
			productRefGroup = 340BCABD2E4C7FDB00B0D451 /* Products */;
			projectDirPath = "";
			projectRoot = "";
			targets = (
				340BCABB2E4C7FDB00B0D451 /* StoreApp */,
				340BCAC82E4C7FDC00B0D451 /* StoreAppTests */,
				340BCAD22E4C7FDC00B0D451 /* StoreAppUITests */,
			);
		};
/* End PBXProject section */

/* Begin PBXResourcesBuildPhase section */
		340BCABA2E4C7FDB00B0D451 /* Resources */ = {
			isa = PBXResourcesBuildPhase;
			buildActionMask = 2147483647;
			files = (
			);
			runOnlyForDeploymentPostprocessing = 0;
		};
		340BCAC72E4C7FDC00B0D451 /* Resources */ = {
			isa = PBXResourcesBuildPhase;
			buildActionMask = 2147483647;
			files = (
			);
			runOnlyForDeploymentPostprocessing = 0;
		};
		340BCAD12E4C7FDC00B0D451 /* Resources */ = {
			isa = PBXResourcesBuildPhase;
			buildActionMask = 2147483647;
			files = (
			);
			runOnlyForDeploymentPostprocessing = 0;
		};
/* End PBXResourcesBuildPhase section */

/* Begin PBXSourcesBuildPhase section */
		340BCAB82E4C7FDB00B0D451 /* Sources */ = {
			isa = PBXSourcesBuildPhase;
			buildActionMask = 2147483647;
			files = (
			);
			runOnlyForDeploymentPostprocessing = 0;
		};
		340BCAC52E4C7FDC00B0D451 /* Sources */ = {
			isa = PBXSourcesBuildPhase;
			buildActionMask = 2147483647;
			files = (
			);
			runOnlyForDeploymentPostprocessing = 0;
		};
		340BCACF2E4C7FDC00B0D451 /* Sources */ = {
			isa = PBXSourcesBuildPhase;
			buildActionMask = 2147483647;
			files = (
			);
			runOnlyForDeploymentPostprocessing = 0;
		};
/* End PBXSourcesBuildPhase section */

/* Begin PBXTargetDependency section */
		340BCACB2E4C7FDC00B0D451 /* PBXTargetDependency */ = {
			isa = PBXTargetDependency;
			target = 340BCABB2E4C7FDB00B0D451 /* StoreApp */;
			targetProxy = 340BCACA2E4C7FDC00B0D451 /* PBXContainerItemProxy */;
		};
		340BCAD52E4C7FDC00B0D451 /* PBXTargetDependency */ = {
			isa = PBXTargetDependency;
			target = 340BCABB2E4C7FDB00B0D451 /* StoreApp */;
			targetProxy = 340BCAD42E4C7FDC00B0D451 /* PBXContainerItemProxy */;
		};
/* End PBXTargetDependency section */

/* Begin XCBuildConfiguration section */
		340BCADB2E4C7FDC00B0D451 /* Debug */ = {
			isa = XCBuildConfiguration;
			buildSettings = {
				ALWAYS_SEARCH_USER_PATHS = NO;
				ASSETCATALOG_COMPILER_GENERATE_SWIFT_ASSET_SYMBOL_EXTENSIONS = YES;
				CLANG_ANALYZER_NONNULL = YES;
				CLANG_ANALYZER_NUMBER_OBJECT_CONVERSION = YES_AGGRESSIVE;
				CLANG_CXX_LANGUAGE_STANDARD = "gnu++20";
				CLANG_ENABLE_MODULES = YES;
				CLANG_ENABLE_OBJC_ARC = YES;
				CLANG_ENABLE_OBJC_WEAK = YES;
				CLANG_WARN_BLOCK_CAPTURE_AUTORELEASING = YES;
				CLANG_WARN_BOOL_CONVERSION = YES;
				CLANG_WARN_COMMA = YES;
				CLANG_WARN_CONSTANT_CONVERSION = YES;
				CLANG_WARN_DEPRECATED_OBJC_IMPLEMENTATIONS = YES;
				CLANG_WARN_DIRECT_OBJC_ISA_USAGE = YES_ERROR;
				CLANG_WARN_DOCUMENTATION_COMMENTS = YES;
				CLANG_WARN_EMPTY_BODY = YES;
				CLANG_WARN_ENUM_CONVERSION = YES;
				CLANG_WARN_INFINITE_RECURSION = YES;
				CLANG_WARN_INT_CONVERSION = YES;
				CLANG_WARN_NON_LITERAL_NULL_CONVERSION = YES;
				CLANG_WARN_OBJC_IMPLICIT_RETAIN_SELF = YES;
				CLANG_WARN_OBJC_LITERAL_CONVERSION = YES;
				CLANG_WARN_OBJC_ROOT_CLASS = YES_ERROR;
				CLANG_WARN_QUOTED_INCLUDE_IN_FRAMEWORK_HEADER = YES;
				CLANG_WARN_RANGE_LOOP_ANALYSIS = YES;
				CLANG_WARN_STRICT_PROTOTYPES = YES;
				CLANG_WARN_SUSPICIOUS_MOVE = YES;
				CLANG_WARN_UNGUARDED_AVAILABILITY = YES_AGGRESSIVE;
				CLANG_WARN_UNREACHABLE_CODE = YES;
				CLANG_WARN__DUPLICATE_METHOD_MATCH = YES;
				COPY_PHASE_STRIP = NO;
				DEBUG_INFORMATION_FORMAT = dwarf;
				DEVELOPMENT_TEAM = J52D2KRZ82;
				ENABLE_STRICT_OBJC_MSGSEND = YES;
				ENABLE_TESTABILITY = YES;
				ENABLE_USER_SCRIPT_SANDBOXING = YES;
				GCC_C_LANGUAGE_STANDARD = gnu17;
				GCC_DYNAMIC_NO_PIC = NO;
				GCC_NO_COMMON_BLOCKS = YES;
				GCC_OPTIMIZATION_LEVEL = 0;
				GCC_PREPROCESSOR_DEFINITIONS = (
					"DEBUG=1",
					"$(inherited)",
				);
				GCC_WARN_64_TO_32_BIT_CONVERSION = YES;
				GCC_WARN_ABOUT_RETURN_TYPE = YES_ERROR;
				GCC_WARN_UNDECLARED_SELECTOR = YES;
				GCC_WARN_UNINITIALIZED_AUTOS = YES_AGGRESSIVE;
				GCC_WARN_UNUSED_FUNCTION = YES;
				GCC_WARN_UNUSED_VARIABLE = YES;
				IPHONEOS_DEPLOYMENT_TARGET = 18.5;
				LOCALIZATION_PREFERS_STRING_CATALOGS = YES;
				MTL_ENABLE_DEBUG_INFO = INCLUDE_SOURCE;
				MTL_FAST_MATH = YES;
				ONLY_ACTIVE_ARCH = YES;
				SDKROOT = iphoneos;
				SWIFT_ACTIVE_COMPILATION_CONDITIONS = "DEBUG $(inherited)";
				SWIFT_OPTIMIZATION_LEVEL = "-Onone";
			};
			name = Debug;
		};
		340BCADC2E4C7FDC00B0D451 /* Release */ = {
			isa = XCBuildConfiguration;
			buildSettings = {
				ALWAYS_SEARCH_USER_PATHS = NO;
				ASSETCATALOG_COMPILER_GENERATE_SWIFT_ASSET_SYMBOL_EXTENSIONS = YES;
				CLANG_ANALYZER_NONNULL = YES;
				CLANG_ANALYZER_NUMBER_OBJECT_CONVERSION = YES_AGGRESSIVE;
				CLANG_CXX_LANGUAGE_STANDARD = "gnu++20";
				CLANG_ENABLE_MODULES = YES;
				CLANG_ENABLE_OBJC_ARC = YES;
				CLANG_ENABLE_OBJC_WEAK = YES;
				CLANG_WARN_BLOCK_CAPTURE_AUTORELEASING = YES;
				CLANG_WARN_BOOL_CONVERSION = YES;
				CLANG_WARN_COMMA = YES;
				CLANG_WARN_CONSTANT_CONVERSION = YES;
				CLANG_WARN_DEPRECATED_OBJC_IMPLEMENTATIONS = YES;
				CLANG_WARN_DIRECT_OBJC_ISA_USAGE = YES_ERROR;
				CLANG_WARN_DOCUMENTATION_COMMENTS = YES;
				CLANG_WARN_EMPTY_BODY = YES;
				CLANG_WARN_ENUM_CONVERSION = YES;
				CLANG_WARN_INFINITE_RECURSION = YES;
				CLANG_WARN_INT_CONVERSION = YES;
				CLANG_WARN_NON_LITERAL_NULL_CONVERSION = YES;
				CLANG_WARN_OBJC_IMPLICIT_RETAIN_SELF = YES;
				CLANG_WARN_OBJC_LITERAL_CONVERSION = YES;
				CLANG_WARN_OBJC_ROOT_CLASS = YES_ERROR;
				CLANG_WARN_QUOTED_INCLUDE_IN_FRAMEWORK_HEADER = YES;
				CLANG_WARN_RANGE_LOOP_ANALYSIS = YES;
				CLANG_WARN_STRICT_PROTOTYPES = YES;
				CLANG_WARN_SUSPICIOUS_MOVE = YES;
				CLANG_WARN_UNGUARDED_AVAILABILITY = YES_AGGRESSIVE;
				CLANG_WARN_UNREACHABLE_CODE = YES;
				CLANG_WARN__DUPLICATE_METHOD_MATCH = YES;
				COPY_PHASE_STRIP = NO;
				DEBUG_INFORMATION_FORMAT = "dwarf-with-dsym";
				DEVELOPMENT_TEAM = J52D2KRZ82;
				ENABLE_NS_ASSERTIONS = NO;
				ENABLE_STRICT_OBJC_MSGSEND = YES;
				ENABLE_USER_SCRIPT_SANDBOXING = YES;
				GCC_C_LANGUAGE_STANDARD = gnu17;
				GCC_NO_COMMON_BLOCKS = YES;
				GCC_WARN_64_TO_32_BIT_CONVERSION = YES;
				GCC_WARN_ABOUT_RETURN_TYPE = YES_ERROR;
				GCC_WARN_UNDECLARED_SELECTOR = YES;
				GCC_WARN_UNINITIALIZED_AUTOS = YES_AGGRESSIVE;
				GCC_WARN_UNUSED_FUNCTION = YES;
				GCC_WARN_UNUSED_VARIABLE = YES;
				IPHONEOS_DEPLOYMENT_TARGET = 18.5;
				LOCALIZATION_PREFERS_STRING_CATALOGS = YES;
				MTL_ENABLE_DEBUG_INFO = NO;
				MTL_FAST_MATH = YES;
				SDKROOT = iphoneos;
				SWIFT_COMPILATION_MODE = wholemodule;
				VALIDATE_PRODUCT = YES;
			};
			name = Release;
		};
		340BCADE2E4C7FDC00B0D451 /* Debug */ = {
			isa = XCBuildConfiguration;
			buildSettings = {
				ASSETCATALOG_COMPILER_APPICON_NAME = AppIcon;
				ASSETCATALOG_COMPILER_GLOBAL_ACCENT_COLOR_NAME = AccentColor;
				CODE_SIGN_STYLE = Automatic;
				CURRENT_PROJECT_VERSION = 1;
				DEVELOPMENT_TEAM = J52D2KRZ82;
				ENABLE_PREVIEWS = YES;
				GENERATE_INFOPLIST_FILE = YES;
				INFOPLIST_KEY_UIApplicationSceneManifest_Generation = YES;
				INFOPLIST_KEY_UIApplicationSupportsIndirectInputEvents = YES;
				INFOPLIST_KEY_UILaunchScreen_Generation = YES;
				INFOPLIST_KEY_UISupportedInterfaceOrientations_iPad = "UIInterfaceOrientationPortrait UIInterfaceOrientationPortraitUpsideDown UIInterfaceOrientationLandscapeLeft UIInterfaceOrientationLandscapeRight";
				INFOPLIST_KEY_UISupportedInterfaceOrientations_iPhone = "UIInterfaceOrientationPortrait UIInterfaceOrientationLandscapeLeft UIInterfaceOrientationLandscapeRight";
				LD_RUNPATH_SEARCH_PATHS = (
					"$(inherited)",
					"@executable_path/Frameworks",
				);
				MARKETING_VERSION = 1.0;
				PRODUCT_BUNDLE_IDENTIFIER = com.novanine.StoreApp;
				PRODUCT_NAME = "$(TARGET_NAME)";
				SWIFT_EMIT_LOC_STRINGS = YES;
				SWIFT_VERSION = 5.0;
				TARGETED_DEVICE_FAMILY = "1,2";
			};
			name = Debug;
		};
		340BCADF2E4C7FDC00B0D451 /* Release */ = {
			isa = XCBuildConfiguration;
			buildSettings = {
				ASSETCATALOG_COMPILER_APPICON_NAME = AppIcon;
				ASSETCATALOG_COMPILER_GLOBAL_ACCENT_COLOR_NAME = AccentColor;
				CODE_SIGN_STYLE = Automatic;
				CURRENT_PROJECT_VERSION = 1;
				DEVELOPMENT_TEAM = J52D2KRZ82;
				ENABLE_PREVIEWS = YES;
				GENERATE_INFOPLIST_FILE = YES;
				INFOPLIST_KEY_UIApplicationSceneManifest_Generation = YES;
				INFOPLIST_KEY_UIApplicationSupportsIndirectInputEvents = YES;
				INFOPLIST_KEY_UILaunchScreen_Generation = YES;
				INFOPLIST_KEY_UISupportedInterfaceOrientations_iPad = "UIInterfaceOrientationPortrait UIInterfaceOrientationPortraitUpsideDown UIInterfaceOrientationLandscapeLeft UIInterfaceOrientationLandscapeRight";
				INFOPLIST_KEY_UISupportedInterfaceOrientations_iPhone = "UIInterfaceOrientationPortrait UIInterfaceOrientationLandscapeLeft UIInterfaceOrientationLandscapeRight";
				LD_RUNPATH_SEARCH_PATHS = (
					"$(inherited)",
					"@executable_path/Frameworks",
				);
				MARKETING_VERSION = 1.0;
				PRODUCT_BUNDLE_IDENTIFIER = com.novanine.StoreApp;
				PRODUCT_NAME = "$(TARGET_NAME)";
				SWIFT_EMIT_LOC_STRINGS = YES;
				SWIFT_VERSION = 5.0;
				TARGETED_DEVICE_FAMILY = "1,2";
			};
			name = Release;
		};
		340BCAE12E4C7FDC00B0D451 /* Debug */ = {
			isa = XCBuildConfiguration;
			buildSettings = {
				BUNDLE_LOADER = "$(TEST_HOST)";
				CODE_SIGN_STYLE = Automatic;
				CURRENT_PROJECT_VERSION = 1;
				DEVELOPMENT_TEAM = J52D2KRZ82;
				GENERATE_INFOPLIST_FILE = YES;
				IPHONEOS_DEPLOYMENT_TARGET = 18.5;
				MARKETING_VERSION = 1.0;
				PRODUCT_BUNDLE_IDENTIFIER = com.novanine.StoreAppTests;
				PRODUCT_NAME = "$(TARGET_NAME)";
				SWIFT_EMIT_LOC_STRINGS = NO;
				SWIFT_VERSION = 5.0;
				TARGETED_DEVICE_FAMILY = "1,2";
				TEST_HOST = "$(BUILT_PRODUCTS_DIR)/StoreApp.app/$(BUNDLE_EXECUTABLE_FOLDER_PATH)/StoreApp";
			};
			name = Debug;
		};
		340BCAE22E4C7FDC00B0D451 /* Release */ = {
			isa = XCBuildConfiguration;
			buildSettings = {
				BUNDLE_LOADER = "$(TEST_HOST)";
				CODE_SIGN_STYLE = Automatic;
				CURRENT_PROJECT_VERSION = 1;
				DEVELOPMENT_TEAM = J52D2KRZ82;
				GENERATE_INFOPLIST_FILE = YES;
				IPHONEOS_DEPLOYMENT_TARGET = 18.5;
				MARKETING_VERSION = 1.0;
				PRODUCT_BUNDLE_IDENTIFIER = com.novanine.StoreAppTests;
				PRODUCT_NAME = "$(TARGET_NAME)";
				SWIFT_EMIT_LOC_STRINGS = NO;
				SWIFT_VERSION = 5.0;
				TARGETED_DEVICE_FAMILY = "1,2";
				TEST_HOST = "$(BUILT_PRODUCTS_DIR)/StoreApp.app/$(BUNDLE_EXECUTABLE_FOLDER_PATH)/StoreApp";
			};
			name = Release;
		};
		340BCAE42E4C7FDC00B0D451 /* Debug */ = {
			isa = XCBuildConfiguration;
			buildSettings = {
				CODE_SIGN_STYLE = Automatic;
				CURRENT_PROJECT_VERSION = 1;
				DEVELOPMENT_TEAM = J52D2KRZ82;
				GENERATE_INFOPLIST_FILE = YES;
				MARKETING_VERSION = 1.0;
				PRODUCT_BUNDLE_IDENTIFIER = com.novanine.StoreAppUITests;
				PRODUCT_NAME = "$(TARGET_NAME)";
				SWIFT_EMIT_LOC_STRINGS = NO;
				SWIFT_VERSION = 5.0;
				TARGETED_DEVICE_FAMILY = "1,2";
				TEST_TARGET_NAME = StoreApp;
			};
			name = Debug;
		};
		340BCAE52E4C7FDC00B0D451 /* Release */ = {
			isa = XCBuildConfiguration;
			buildSettings = {
				CODE_SIGN_STYLE = Automatic;
				CURRENT_PROJECT_VERSION = 1;
				DEVELOPMENT_TEAM = J52D2KRZ82;
				GENERATE_INFOPLIST_FILE = YES;
				MARKETING_VERSION = 1.0;
				PRODUCT_BUNDLE_IDENTIFIER = com.novanine.StoreAppUITests;
				PRODUCT_NAME = "$(TARGET_NAME)";
				SWIFT_EMIT_LOC_STRINGS = NO;
				SWIFT_VERSION = 5.0;
				TARGETED_DEVICE_FAMILY = "1,2";
				TEST_TARGET_NAME = StoreApp;
			};
			name = Release;
		};
/* End XCBuildConfiguration section */

/* Begin XCConfigurationList section */
		340BCAB72E4C7FDB00B0D451 /* Build configuration list for PBXProject "StoreApp" */ = {
			isa = XCConfigurationList;
			buildConfigurations = (
				340BCADB2E4C7FDC00B0D451 /* Debug */,
				340BCADC2E4C7FDC00B0D451 /* Release */,
			);
			defaultConfigurationIsVisible = 0;
			defaultConfigurationName = Release;
		};
		340BCADD2E4C7FDC00B0D451 /* Build configuration list for PBXNativeTarget "StoreApp" */ = {
			isa = XCConfigurationList;
			buildConfigurations = (
				340BCADE2E4C7FDC00B0D451 /* Debug */,
				340BCADF2E4C7FDC00B0D451 /* Release */,
			);
			defaultConfigurationIsVisible = 0;
			defaultConfigurationName = Release;
		};
		340BCAE02E4C7FDC00B0D451 /* Build configuration list for PBXNativeTarget "StoreAppTests" */ = {
			isa = XCConfigurationList;
			buildConfigurations = (
				340BCAE12E4C7FDC00B0D451 /* Debug */,
				340BCAE22E4C7FDC00B0D451 /* Release */,
			);
			defaultConfigurationIsVisible = 0;
			defaultConfigurationName = Release;
		};
		340BCAE32E4C7FDC00B0D451 /* Build configuration list for PBXNativeTarget "StoreAppUITests" */ = {
			isa = XCConfigurationList;
			buildConfigurations = (
				340BCAE42E4C7FDC00B0D451 /* Debug */,
				340BCAE52E4C7FDC00B0D451 /* Release */,
			);
			defaultConfigurationIsVisible = 0;
			defaultConfigurationName = Release;
		};
/* End XCConfigurationList section */

/* Begin XCLocalSwiftPackageReference section */
		340BCAE62E4C80D700B0D451 /* XCLocalSwiftPackageReference "../CommerceKitAI" */ = {
			isa = XCLocalSwiftPackageReference;
			relativePath = ../CommerceKitAI;
		};
		340BCAE92E4C80E300B0D451 /* XCLocalSwiftPackageReference "../CommerceKitCore" */ = {
			isa = XCLocalSwiftPackageReference;
			relativePath = ../CommerceKitCore;
		};
		340BCAEC2E4C80F000B0D451 /* XCLocalSwiftPackageReference "../CommerceKitUI" */ = {
			isa = XCLocalSwiftPackageReference;
			relativePath = ../CommerceKitUI;
		};
/* End XCLocalSwiftPackageReference section */

/* Begin XCSwiftPackageProductDependency section */
		340BCAE72E4C80D700B0D451 /* CommerceKitAI */ = {
			isa = XCSwiftPackageProductDependency;
			productName = CommerceKitAI;
		};
		340BCAEA2E4C80E300B0D451 /* CommerceKitCore */ = {
			isa = XCSwiftPackageProductDependency;
			productName = CommerceKitCore;
		};
		340BCAED2E4C80F000B0D451 /* CommerceKitUI */ = {
			isa = XCSwiftPackageProductDependency;
			productName = CommerceKitUI;
		};
/* End XCSwiftPackageProductDependency section */
	};
	rootObject = 340BCAB42E4C7FDB00B0D451 /* Project object */;
}
